
Microsoft Visual Studio Solution File, Format Version 12.00
# Visual Studio 15
VisualStudioVersion = 15.0.27703.2047
MinimumVisualStudioVersion = 10.0.40219.1
Project("{FAE04EC0-301F-11D3-BF4B-00C04F79EFBC}") = "Angular.api.redSocial2", "Angular.api.redSocial2\Angular.api.redSocial2.csproj", "{3783BE09-4A16-4D3C-B889-E230EBACEA43}"
EndProject
Global
	GlobalSection(SolutionConfigurationPlatforms) = preSolution
		Debug|Any CPU = Debug|Any CPU
		Release|Any CPU = Release|Any CPU
	EndGlobalSection
	GlobalSection(ProjectConfigurationPlatforms) = postSolution
		{3783BE09-4A16-4D3C-B889-E230EBACEA43}.Debug|Any CPU.ActiveCfg = Debug|Any CPU
		{3783BE09-4A16-4D3C-B889-E230EBACEA43}.Debug|Any CPU.Build.0 = Debug|Any CPU
		{3783BE09-4A16-4D3C-B889-E230EBACEA43}.Release|Any CPU.ActiveCfg = Release|Any CPU
		{3783BE09-4A16-4D3C-B889-E230EBACEA43}.Release|Any CPU.Build.0 = Release|Any CPU
	EndGlobalSection
	GlobalSection(SolutionProperties) = preSolution
		HideSolutionNode = FALSE
	EndGlobalSection
	GlobalSection(ExtensibilityGlobals) = postSolution
		SolutionGuid = {7931551A-3D82-461A-9220-92F1AA43FF79}
	EndGlobalSection
EndGlobal
